// !$*UTF8*$!
{
	archiveVersion = 1;
	classes = {
	};
	objectVersion = 55;
	objects = {

/* Begin PBXBuildFile section */
		26D005352987AB2000A19B7B /* Tests_iOS.swift in Sources */ = {isa = PBXBuildFile; fileRef = 26D005342987AB2000A19B7B /* Tests_iOS.swift */; };
		26D005372987AB2000A19B7B /* Tests_iOSLaunchTests.swift in Sources */ = {isa = PBXBuildFile; fileRef = 26D005362987AB2000A19B7B /* Tests_iOSLaunchTests.swift */; };
		26D005412987AB2000A19B7B /* Tests_macOS.swift in Sources */ = {isa = PBXBuildFile; fileRef = 26D005402987AB2000A19B7B /* Tests_macOS.swift */; };
		26D005432987AB2000A19B7B /* Tests_macOSLaunchTests.swift in Sources */ = {isa = PBXBuildFile; fileRef = 26D005422987AB2000A19B7B /* Tests_macOSLaunchTests.swift */; };
		26D005442987AB2000A19B7B /* TCAExampleApp.swift in Sources */ = {isa = PBXBuildFile; fileRef = 26D0051C2987AB1D00A19B7B /* TCAExampleApp.swift */; };
		26D005452987AB2000A19B7B /* TCAExampleApp.swift in Sources */ = {isa = PBXBuildFile; fileRef = 26D0051C2987AB1D00A19B7B /* TCAExampleApp.swift */; };
		26D005462987AB2000A19B7B /* ContentView.swift in Sources */ = {isa = PBXBuildFile; fileRef = 26D0051D2987AB1D00A19B7B /* ContentView.swift */; };
		26D005472987AB2000A19B7B /* ContentView.swift in Sources */ = {isa = PBXBuildFile; fileRef = 26D0051D2987AB1D00A19B7B /* ContentView.swift */; };
		26D005482987AB2000A19B7B /* Assets.xcassets in Resources */ = {isa = PBXBuildFile; fileRef = 26D0051E2987AB2000A19B7B /* Assets.xcassets */; };
		26D005492987AB2000A19B7B /* Assets.xcassets in Resources */ = {isa = PBXBuildFile; fileRef = 26D0051E2987AB2000A19B7B /* Assets.xcassets */; };
/* End PBXBuildFile section */

/* Begin PBXContainerItemProxy section */
		26D005312987AB2000A19B7B /* PBXContainerItemProxy */ = {
			isa = PBXContainerItemProxy;
			containerPortal = 26D005172987AB1D00A19B7B /* Project object */;
			proxyType = 1;
			remoteGlobalIDString = 26D005222987AB2000A19B7B;
			remoteInfo = "TCAExample (iOS)";
		};
		26D0053D2987AB2000A19B7B /* PBXContainerItemProxy */ = {
			isa = PBXContainerItemProxy;
			containerPortal = 26D005172987AB1D00A19B7B /* Project object */;
			proxyType = 1;
			remoteGlobalIDString = 26D005282987AB2000A19B7B;
			remoteInfo = "TCAExample (macOS)";
		};
/* End PBXContainerItemProxy section */

/* Begin PBXFileReference section */
		26D0051C2987AB1D00A19B7B /* TCAExampleApp.swift */ = {isa = PBXFileReference; lastKnownFileType = sourcecode.swift; path = TCAExampleApp.swift; sourceTree = "<group>"; };
		26D0051D2987AB1D00A19B7B /* ContentView.swift */ = {isa = PBXFileReference; lastKnownFileType = sourcecode.swift; path = ContentView.swift; sourceTree = "<group>"; };
		26D0051E2987AB2000A19B7B /* Assets.xcassets */ = {isa = PBXFileReference; lastKnownFileType = folder.assetcatalog; path = Assets.xcassets; sourceTree = "<group>"; };
		26D005232987AB2000A19B7B /* TCAExample.app */ = {isa = PBXFileReference; explicitFileType = wrapper.application; includeInIndex = 0; path = TCAExample.app; sourceTree = BUILT_PRODUCTS_DIR; };
		26D005292987AB2000A19B7B /* TCAExample.app */ = {isa = PBXFileReference; explicitFileType = wrapper.application; includeInIndex = 0; path = TCAExample.app; sourceTree = BUILT_PRODUCTS_DIR; };
		26D0052B2987AB2000A19B7B /* macOS.entitlements */ = {isa = PBXFileReference; lastKnownFileType = text.plist.entitlements; path = macOS.entitlements; sourceTree = "<group>"; };
		26D005302987AB2000A19B7B /* Tests iOS.xctest */ = {isa = PBXFileReference; explicitFileType = wrapper.cfbundle; includeInIndex = 0; path = "Tests iOS.xctest"; sourceTree = BUILT_PRODUCTS_DIR; };
		26D005342987AB2000A19B7B /* Tests_iOS.swift */ = {isa = PBXFileReference; lastKnownFileType = sourcecode.swift; path = Tests_iOS.swift; sourceTree = "<group>"; };
		26D005362987AB2000A19B7B /* Tests_iOSLaunchTests.swift */ = {isa = PBXFileReference; lastKnownFileType = sourcecode.swift; path = Tests_iOSLaunchTests.swift; sourceTree = "<group>"; };
		26D0053C2987AB2000A19B7B /* Tests macOS.xctest */ = {isa = PBXFileReference; explicitFileType = wrapper.cfbundle; includeInIndex = 0; path = "Tests macOS.xctest"; sourceTree = BUILT_PRODUCTS_DIR; };
		26D005402987AB2000A19B7B /* Tests_macOS.swift */ = {isa = PBXFileReference; lastKnownFileType = sourcecode.swift; path = Tests_macOS.swift; sourceTree = "<group>"; };
		26D005422987AB2000A19B7B /* Tests_macOSLaunchTests.swift */ = {isa = PBXFileReference; lastKnownFileType = sourcecode.swift; path = Tests_macOSLaunchTests.swift; sourceTree = "<group>"; };
/* End PBXFileReference section */

/* Begin PBXFrameworksBuildPhase section */
		26D005202987AB2000A19B7B /* Frameworks */ = {
			isa = PBXFrameworksBuildPhase;
			buildActionMask = 2147483647;
			files = (
			);
			runOnlyForDeploymentPostprocessing = 0;
		};
		26D005262987AB2000A19B7B /* Frameworks */ = {
			isa = PBXFrameworksBuildPhase;
			buildActionMask = 2147483647;
			files = (
			);
			runOnlyForDeploymentPostprocessing = 0;
		};
		26D0052D2987AB2000A19B7B /* Frameworks */ = {
			isa = PBXFrameworksBuildPhase;
			buildActionMask = 2147483647;
			files = (
			);
			runOnlyForDeploymentPostprocessing = 0;
		};
		26D005392987AB2000A19B7B /* Frameworks */ = {
			isa = PBXFrameworksBuildPhase;
			buildActionMask = 2147483647;
			files = (
			);
			runOnlyForDeploymentPostprocessing = 0;
		};
/* End PBXFrameworksBuildPhase section */

/* Begin PBXGroup section */
		26D005162987AB1D00A19B7B = {
			isa = PBXGroup;
			children = (
				26D0051B2987AB1D00A19B7B /* Shared */,
				26D0052A2987AB2000A19B7B /* macOS */,
				26D005332987AB2000A19B7B /* Tests iOS */,
				26D0053F2987AB2000A19B7B /* Tests macOS */,
				26D005242987AB2000A19B7B /* Products */,
			);
			sourceTree = "<group>";
		};
		26D0051B2987AB1D00A19B7B /* Shared */ = {
			isa = PBXGroup;
			children = (
				26D0051C2987AB1D00A19B7B /* TCAExampleApp.swift */,
				26D0051D2987AB1D00A19B7B /* ContentView.swift */,
				26D0051E2987AB2000A19B7B /* Assets.xcassets */,
			);
			path = Shared;
			sourceTree = "<group>";
		};
		26D005242987AB2000A19B7B /* Products */ = {
			isa = PBXGroup;
			children = (
				26D005232987AB2000A19B7B /* TCAExample.app */,
				26D005292987AB2000A19B7B /* TCAExample.app */,
				26D005302987AB2000A19B7B /* Tests iOS.xctest */,
				26D0053C2987AB2000A19B7B /* Tests macOS.xctest */,
			);
			name = Products;
			sourceTree = "<group>";
		};
		26D0052A2987AB2000A19B7B /* macOS */ = {
			isa = PBXGroup;
			children = (
				26D0052B2987AB2000A19B7B /* macOS.entitlements */,
			);
			path = macOS;
			sourceTree = "<group>";
		};
		26D005332987AB2000A19B7B /* Tests iOS */ = {
			isa = PBXGroup;
			children = (
				26D005342987AB2000A19B7B /* Tests_iOS.swift */,
				26D005362987AB2000A19B7B /* Tests_iOSLaunchTests.swift */,
			);
			path = "Tests iOS";
			sourceTree = "<group>";
		};
		26D0053F2987AB2000A19B7B /* Tests macOS */ = {
			isa = PBXGroup;
			children = (
				26D005402987AB2000A19B7B /* Tests_macOS.swift */,
				26D005422987AB2000A19B7B /* Tests_macOSLaunchTests.swift */,
			);
			path = "Tests macOS";
			sourceTree = "<group>";
		};
/* End PBXGroup section */

/* Begin PBXNativeTarget section */
		26D005222987AB2000A19B7B /* TCAExample (iOS) */ = {
			isa = PBXNativeTarget;
			buildConfigurationList = 26D0054C2987AB2000A19B7B /* Build configuration list for PBXNativeTarget "TCAExample (iOS)" */;
			buildPhases = (
				26D0051F2987AB2000A19B7B /* Sources */,
				26D005202987AB2000A19B7B /* Frameworks */,
				26D005212987AB2000A19B7B /* Resources */,
			);
			buildRules = (
			);
			dependencies = (
			);
			name = "TCAExample (iOS)";
			productName = "TCAExample (iOS)";
			productReference = 26D005232987AB2000A19B7B /* TCAExample.app */;
			productType = "com.apple.product-type.application";
		};
		26D005282987AB2000A19B7B /* TCAExample (macOS) */ = {
			isa = PBXNativeTarget;
			buildConfigurationList = 26D0054F2987AB2000A19B7B /* Build configuration list for PBXNativeTarget "TCAExample (macOS)" */;
			buildPhases = (
				26D005252987AB2000A19B7B /* Sources */,
				26D005262987AB2000A19B7B /* Frameworks */,
				26D005272987AB2000A19B7B /* Resources */,
			);
			buildRules = (
			);
			dependencies = (
			);
			name = "TCAExample (macOS)";
			productName = "TCAExample (macOS)";
			productReference = 26D005292987AB2000A19B7B /* TCAExample.app */;
			productType = "com.apple.product-type.application";
		};
		26D0052F2987AB2000A19B7B /* Tests iOS */ = {
			isa = PBXNativeTarget;
			buildConfigurationList = 26D005522987AB2000A19B7B /* Build configuration list for PBXNativeTarget "Tests iOS" */;
			buildPhases = (
				26D0052C2987AB2000A19B7B /* Sources */,
				26D0052D2987AB2000A19B7B /* Frameworks */,
				26D0052E2987AB2000A19B7B /* Resources */,
			);
			buildRules = (
			);
			dependencies = (
				26D005322987AB2000A19B7B /* PBXTargetDependency */,
			);
			name = "Tests iOS";
			productName = "Tests iOS";
			productReference = 26D005302987AB2000A19B7B /* Tests iOS.xctest */;
			productType = "com.apple.product-type.bundle.ui-testing";
		};
		26D0053B2987AB2000A19B7B /* Tests macOS */ = {
			isa = PBXNativeTarget;
			buildConfigurationList = 26D005552987AB2000A19B7B /* Build configuration list for PBXNativeTarget "Tests macOS" */;
			buildPhases = (
				26D005382987AB2000A19B7B /* Sources */,
				26D005392987AB2000A19B7B /* Frameworks */,
				26D0053A2987AB2000A19B7B /* Resources */,
			);
			buildRules = (
			);
			dependencies = (
				26D0053E2987AB2000A19B7B /* PBXTargetDependency */,
			);
			name = "Tests macOS";
			productName = "Tests macOS";
			productReference = 26D0053C2987AB2000A19B7B /* Tests macOS.xctest */;
			productType = "com.apple.product-type.bundle.ui-testing";
		};
/* End PBXNativeTarget section */

/* Begin PBXProject section */
		26D005172987AB1D00A19B7B /* Project object */ = {
			isa = PBXProject;
			attributes = {
				BuildIndependentTargetsInParallel = 1;
				LastSwiftUpdateCheck = 1340;
				LastUpgradeCheck = 1340;
				TargetAttributes = {
					26D005222987AB2000A19B7B = {
						CreatedOnToolsVersion = 13.4.1;
					};
					26D005282987AB2000A19B7B = {
						CreatedOnToolsVersion = 13.4.1;
					};
					26D0052F2987AB2000A19B7B = {
						CreatedOnToolsVersion = 13.4.1;
						TestTargetID = 26D005222987AB2000A19B7B;
					};
					26D0053B2987AB2000A19B7B = {
						CreatedOnToolsVersion = 13.4.1;
						TestTargetID = 26D005282987AB2000A19B7B;
					};
				};
			};
			buildConfigurationList = 26D0051A2987AB1D00A19B7B /* Build configuration list for PBXProject "TCAExample" */;
			compatibilityVersion = "Xcode 13.0";
			developmentRegion = en;
			hasScannedForEncodings = 0;
			knownRegions = (
				en,
				Base,
			);
			mainGroup = 26D005162987AB1D00A19B7B;
			productRefGroup = 26D005242987AB2000A19B7B /* Products */;
			projectDirPath = "";
			projectRoot = "";
			targets = (
				26D005222987AB2000A19B7B /* TCAExample (iOS) */,
				26D005282987AB2000A19B7B /* TCAExample (macOS) */,
				26D0052F2987AB2000A19B7B /* Tests iOS */,
				26D0053B2987AB2000A19B7B /* Tests macOS */,
			);
		};
/* End PBXProject section */

/* Begin PBXResourcesBuildPhase section */
		26D005212987AB2000A19B7B /* Resources */ = {
			isa = PBXResourcesBuildPhase;
			buildActionMask = 2147483647;
			files = (
				26D005482987AB2000A19B7B /* Assets.xcassets in Resources */,
			);
			runOnlyForDeploymentPostprocessing = 0;
		};
		26D005272987AB2000A19B7B /* Resources */ = {
			isa = PBXResourcesBuildPhase;
			buildActionMask = 2147483647;
			files = (
				26D005492987AB2000A19B7B /* Assets.xcassets in Resources */,
			);
			runOnlyForDeploymentPostprocessing = 0;
		};
		26D0052E2987AB2000A19B7B /* Resources */ = {
			isa = PBXResourcesBuildPhase;
			buildActionMask = 2147483647;
			files = (
			);
			runOnlyForDeploymentPostprocessing = 0;
		};
		26D0053A2987AB2000A19B7B /* Resources */ = {
			isa = PBXResourcesBuildPhase;
			buildActionMask = 2147483647;
			files = (
			);
			runOnlyForDeploymentPostprocessing = 0;
		};
/* End PBXResourcesBuildPhase section */

/* Begin PBXSourcesBuildPhase section */
		26D0051F2987AB2000A19B7B /* Sources */ = {
			isa = PBXSourcesBuildPhase;
			buildActionMask = 2147483647;
			files = (
				26D005462987AB2000A19B7B /* ContentView.swift in Sources */,
				26D005442987AB2000A19B7B /* TCAExampleApp.swift in Sources */,
			);
			runOnlyForDeploymentPostprocessing = 0;
		};
		26D005252987AB2000A19B7B /* Sources */ = {
			isa = PBXSourcesBuildPhase;
			buildActionMask = 2147483647;
			files = (
				26D005472987AB2000A19B7B /* ContentView.swift in Sources */,
				26D005452987AB2000A19B7B /* TCAExampleApp.swift in Sources */,
			);
			runOnlyForDeploymentPostprocessing = 0;
		};
		26D0052C2987AB2000A19B7B /* Sources */ = {
			isa = PBXSourcesBuildPhase;
			buildActionMask = 2147483647;
			files = (
				26D005372987AB2000A19B7B /* Tests_iOSLaunchTests.swift in Sources */,
				26D005352987AB2000A19B7B /* Tests_iOS.swift in Sources */,
			);
			runOnlyForDeploymentPostprocessing = 0;
		};
		26D005382987AB2000A19B7B /* Sources */ = {
			isa = PBXSourcesBuildPhase;
			buildActionMask = 2147483647;
			files = (
				26D005432987AB2000A19B7B /* Tests_macOSLaunchTests.swift in Sources */,
				26D005412987AB2000A19B7B /* Tests_macOS.swift in Sources */,
			);
			runOnlyForDeploymentPostprocessing = 0;
		};
/* End PBXSourcesBuildPhase section */

/* Begin PBXTargetDependency section */
		26D005322987AB2000A19B7B /* PBXTargetDependency */ = {
			isa = PBXTargetDependency;
			target = 26D005222987AB2000A19B7B /* TCAExample (iOS) */;
			targetProxy = 26D005312987AB2000A19B7B /* PBXContainerItemProxy */;
		};
		26D0053E2987AB2000A19B7B /* PBXTargetDependency */ = {
			isa = PBXTargetDependency;
			target = 26D005282987AB2000A19B7B /* TCAExample (macOS) */;
			targetProxy = 26D0053D2987AB2000A19B7B /* PBXContainerItemProxy */;
		};
/* End PBXTargetDependency section */

/* Begin XCBuildConfiguration section */
		26D0054A2987AB2000A19B7B /* Debug */ = {
			isa = XCBuildConfiguration;
			buildSettings = {
				ALWAYS_SEARCH_USER_PATHS = NO;
				CLANG_ANALYZER_NONNULL = YES;
				CLANG_ANALYZER_NUMBER_OBJECT_CONVERSION = YES_AGGRESSIVE;
				CLANG_CXX_LANGUAGE_STANDARD = "gnu++17";
				CLANG_ENABLE_MODULES = YES;
				CLANG_ENABLE_OBJC_ARC = YES;
				CLANG_ENABLE_OBJC_WEAK = YES;
				CLANG_WARN_BLOCK_CAPTURE_AUTORELEASING = YES;
				CLANG_WARN_BOOL_CONVERSION = YES;
				CLANG_WARN_COMMA = YES;
				CLANG_WARN_CONSTANT_CONVERSION = YES;
				CLANG_WARN_DEPRECATED_OBJC_IMPLEMENTATIONS = YES;
				CLANG_WARN_DIRECT_OBJC_ISA_USAGE = YES_ERROR;
				CLANG_WARN_DOCUMENTATION_COMMENTS = YES;
				CLANG_WARN_EMPTY_BODY = YES;
				CLANG_WARN_ENUM_CONVERSION = YES;
				CLANG_WARN_INFINITE_RECURSION = YES;
				CLANG_WARN_INT_CONVERSION = YES;
				CLANG_WARN_NON_LITERAL_NULL_CONVERSION = YES;
				CLANG_WARN_OBJC_IMPLICIT_RETAIN_SELF = YES;
				CLANG_WARN_OBJC_LITERAL_CONVERSION = YES;
				CLANG_WARN_OBJC_ROOT_CLASS = YES_ERROR;
				CLANG_WARN_QUOTED_INCLUDE_IN_FRAMEWORK_HEADER = YES;
				CLANG_WARN_RANGE_LOOP_ANALYSIS = YES;
				CLANG_WARN_STRICT_PROTOTYPES = YES;
				CLANG_WARN_SUSPICIOUS_MOVE = YES;
				CLANG_WARN_UNGUARDED_AVAILABILITY = YES_AGGRESSIVE;
				CLANG_WARN_UNREACHABLE_CODE = YES;
				CLANG_WARN__DUPLICATE_METHOD_MATCH = YES;
				COPY_PHASE_STRIP = NO;
				DEBUG_INFORMATION_FORMAT = dwarf;
				ENABLE_STRICT_OBJC_MSGSEND = YES;
				ENABLE_TESTABILITY = YES;
				GCC_C_LANGUAGE_STANDARD = gnu11;
				GCC_DYNAMIC_NO_PIC = NO;
				GCC_NO_COMMON_BLOCKS = YES;
				GCC_OPTIMIZATION_LEVEL = 0;
				GCC_PREPROCESSOR_DEFINITIONS = (
					"DEBUG=1",
					"$(inherited)",
				);
				GCC_WARN_64_TO_32_BIT_CONVERSION = YES;
				GCC_WARN_ABOUT_RETURN_TYPE = YES_ERROR;
				GCC_WARN_UNDECLARED_SELECTOR = YES;
				GCC_WARN_UNINITIALIZED_AUTOS = YES_AGGRESSIVE;
				GCC_WARN_UNUSED_FUNCTION = YES;
				GCC_WARN_UNUSED_VARIABLE = YES;
				MTL_ENABLE_DEBUG_INFO = INCLUDE_SOURCE;
				MTL_FAST_MATH = YES;
				ONLY_ACTIVE_ARCH = YES;
				SWIFT_ACTIVE_COMPILATION_CONDITIONS = DEBUG;
				SWIFT_OPTIMIZATION_LEVEL = "-Onone";
			};
			name = Debug;
		};
		26D0054B2987AB2000A19B7B /* Release */ = {
			isa = XCBuildConfiguration;
			buildSettings = {
				ALWAYS_SEARCH_USER_PATHS = NO;
				CLANG_ANALYZER_NONNULL = YES;
				CLANG_ANALYZER_NUMBER_OBJECT_CONVERSION = YES_AGGRESSIVE;
				CLANG_CXX_LANGUAGE_STANDARD = "gnu++17";
				CLANG_ENABLE_MODULES = YES;
				CLANG_ENABLE_OBJC_ARC = YES;
				CLANG_ENABLE_OBJC_WEAK = YES;
				CLANG_WARN_BLOCK_CAPTURE_AUTORELEASING = YES;
				CLANG_WARN_BOOL_CONVERSION = YES;
				CLANG_WARN_COMMA = YES;
				CLANG_WARN_CONSTANT_CONVERSION = YES;
				CLANG_WARN_DEPRECATED_OBJC_IMPLEMENTATIONS = YES;
				CLANG_WARN_DIRECT_OBJC_ISA_USAGE = YES_ERROR;
				CLANG_WARN_DOCUMENTATION_COMMENTS = YES;
				CLANG_WARN_EMPTY_BODY = YES;
				CLANG_WARN_ENUM_CONVERSION = YES;
				CLANG_WARN_INFINITE_RECURSION = YES;
				CLANG_WARN_INT_CONVERSION = YES;
				CLANG_WARN_NON_LITERAL_NULL_CONVERSION = YES;
				CLANG_WARN_OBJC_IMPLICIT_RETAIN_SELF = YES;
				CLANG_WARN_OBJC_LITERAL_CONVERSION = YES;
				CLANG_WARN_OBJC_ROOT_CLASS = YES_ERROR;
				CLANG_WARN_QUOTED_INCLUDE_IN_FRAMEWORK_HEADER = YES;
				CLANG_WARN_RANGE_LOOP_ANALYSIS = YES;
				CLANG_WARN_STRICT_PROTOTYPES = YES;
				CLANG_WARN_SUSPICIOUS_MOVE = YES;
				CLANG_WARN_UNGUARDED_AVAILABILITY = YES_AGGRESSIVE;
				CLANG_WARN_UNREACHABLE_CODE = YES;
				CLANG_WARN__DUPLICATE_METHOD_MATCH = YES;
				COPY_PHASE_STRIP = NO;
				DEBUG_INFORMATION_FORMAT = "dwarf-with-dsym";
				ENABLE_NS_ASSERTIONS = NO;
				ENABLE_STRICT_OBJC_MSGSEND = YES;
				GCC_C_LANGUAGE_STANDARD = gnu11;
				GCC_NO_COMMON_BLOCKS = YES;
				GCC_WARN_64_TO_32_BIT_CONVERSION = YES;
				GCC_WARN_ABOUT_RETURN_TYPE = YES_ERROR;
				GCC_WARN_UNDECLARED_SELECTOR = YES;
				GCC_WARN_UNINITIALIZED_AUTOS = YES_AGGRESSIVE;
				GCC_WARN_UNUSED_FUNCTION = YES;
				GCC_WARN_UNUSED_VARIABLE = YES;
				MTL_ENABLE_DEBUG_INFO = NO;
				MTL_FAST_MATH = YES;
				SWIFT_COMPILATION_MODE = wholemodule;
				SWIFT_OPTIMIZATION_LEVEL = "-O";
			};
			name = Release;
		};
		26D0054D2987AB2000A19B7B /* Debug */ = {
			isa = XCBuildConfiguration;
			buildSettings = {
				ASSETCATALOG_COMPILER_APPICON_NAME = AppIcon;
				ASSETCATALOG_COMPILER_GLOBAL_ACCENT_COLOR_NAME = AccentColor;
				CODE_SIGN_STYLE = Automatic;
				CURRENT_PROJECT_VERSION = 1;
				ENABLE_PREVIEWS = YES;
				GENERATE_INFOPLIST_FILE = YES;
				INFOPLIST_KEY_UIApplicationSceneManifest_Generation = YES;
				INFOPLIST_KEY_UIApplicationSupportsIndirectInputEvents = YES;
				INFOPLIST_KEY_UILaunchScreen_Generation = YES;
				INFOPLIST_KEY_UISupportedInterfaceOrientations_iPad = "UIInterfaceOrientationPortrait UIInterfaceOrientationPortraitUpsideDown UIInterfaceOrientationLandscapeLeft UIInterfaceOrientationLandscapeRight";
				INFOPLIST_KEY_UISupportedInterfaceOrientations_iPhone = "UIInterfaceOrientationPortrait UIInterfaceOrientationLandscapeLeft UIInterfaceOrientationLandscapeRight";
				IPHONEOS_DEPLOYMENT_TARGET = 15.5;
				LD_RUNPATH_SEARCH_PATHS = (
					"$(inherited)",
					"@executable_path/Frameworks",
				);
				MARKETING_VERSION = 1.0;
				PRODUCT_BUNDLE_IDENTIFIER = com.argyro.TCAExample;
				PRODUCT_NAME = TCAExample;
				SDKROOT = iphoneos;
				SWIFT_EMIT_LOC_STRINGS = YES;
				SWIFT_VERSION = 5.0;
				TARGETED_DEVICE_FAMILY = "1,2";
			};
			name = Debug;
		};
		26D0054E2987AB2000A19B7B /* Release */ = {
			isa = XCBuildConfiguration;
			buildSettings = {
				ASSETCATALOG_COMPILER_APPICON_NAME = AppIcon;
				ASSETCATALOG_COMPILER_GLOBAL_ACCENT_COLOR_NAME = AccentColor;
				CODE_SIGN_STYLE = Automatic;
				CURRENT_PROJECT_VERSION = 1;
				ENABLE_PREVIEWS = YES;
				GENERATE_INFOPLIST_FILE = YES;
				INFOPLIST_KEY_UIApplicationSceneManifest_Generation = YES;
				INFOPLIST_KEY_UIApplicationSupportsIndirectInputEvents = YES;
				INFOPLIST_KEY_UILaunchScreen_Generation = YES;
				INFOPLIST_KEY_UISupportedInterfaceOrientations_iPad = "UIInterfaceOrientationPortrait UIInterfaceOrientationPortraitUpsideDown UIInterfaceOrientationLandscapeLeft UIInterfaceOrientationLandscapeRight";
				INFOPLIST_KEY_UISupportedInterfaceOrientations_iPhone = "UIInterfaceOrientationPortrait UIInterfaceOrientationLandscapeLeft UIInterfaceOrientationLandscapeRight";
				IPHONEOS_DEPLOYMENT_TARGET = 15.5;
				LD_RUNPATH_SEARCH_PATHS = (
					"$(inherited)",
					"@executable_path/Frameworks",
				);
				MARKETING_VERSION = 1.0;
				PRODUCT_BUNDLE_IDENTIFIER = com.argyro.TCAExample;
				PRODUCT_NAME = TCAExample;
				SDKROOT = iphoneos;
				SWIFT_EMIT_LOC_STRINGS = YES;
				SWIFT_VERSION = 5.0;
				TARGETED_DEVICE_FAMILY = "1,2";
				VALIDATE_PRODUCT = YES;
			};
			name = Release;
		};
		26D005502987AB2000A19B7B /* Debug */ = {
			isa = XCBuildConfiguration;
			buildSettings = {
				ASSETCATALOG_COMPILER_APPICON_NAME = AppIcon;
				ASSETCATALOG_COMPILER_GLOBAL_ACCENT_COLOR_NAME = AccentColor;
				CODE_SIGN_ENTITLEMENTS = macOS/macOS.entitlements;
				CODE_SIGN_STYLE = Automatic;
				COMBINE_HIDPI_IMAGES = YES;
				CURRENT_PROJECT_VERSION = 1;
				ENABLE_PREVIEWS = YES;
				GENERATE_INFOPLIST_FILE = YES;
				INFOPLIST_KEY_NSHumanReadableCopyright = "";
				LD_RUNPATH_SEARCH_PATHS = (
					"$(inherited)",
					"@executable_path/../Frameworks",
				);
				MACOSX_DEPLOYMENT_TARGET = 12.3;
				MARKETING_VERSION = 1.0;
				PRODUCT_BUNDLE_IDENTIFIER = com.argyro.TCAExample;
				PRODUCT_NAME = TCAExample;
				SDKROOT = macosx;
				SWIFT_EMIT_LOC_STRINGS = YES;
				SWIFT_VERSION = 5.0;
			};
			name = Debug;
		};
		26D005512987AB2000A19B7B /* Release */ = {
			isa = XCBuildConfiguration;
			buildSettings = {
				ASSETCATALOG_COMPILER_APPICON_NAME = AppIcon;
				ASSETCATALOG_COMPILER_GLOBAL_ACCENT_COLOR_NAME = AccentColor;
				CODE_SIGN_ENTITLEMENTS = macOS/macOS.entitlements;
				CODE_SIGN_STYLE = Automatic;
				COMBINE_HIDPI_IMAGES = YES;
				CURRENT_PROJECT_VERSION = 1;
				ENABLE_PREVIEWS = YES;
				GENERATE_INFOPLIST_FILE = YES;
				INFOPLIST_KEY_NSHumanReadableCopyright = "";
				LD_RUNPATH_SEARCH_PATHS = (
					"$(inherited)",
					"@executable_path/../Frameworks",
				);
				MACOSX_DEPLOYMENT_TARGET = 12.3;
				MARKETING_VERSION = 1.0;
				PRODUCT_BUNDLE_IDENTIFIER = com.argyro.TCAExample;
				PRODUCT_NAME = TCAExample;
				SDKROOT = macosx;
				SWIFT_EMIT_LOC_STRINGS = YES;
				SWIFT_VERSION = 5.0;
			};
			name = Release;
		};
		26D005532987AB2000A19B7B /* Debug */ = {
			isa = XCBuildConfiguration;
			buildSettings = {
				ALWAYS_EMBED_SWIFT_STANDARD_LIBRARIES = YES;
				CODE_SIGN_STYLE = Automatic;
				CURRENT_PROJECT_VERSION = 1;
				GENERATE_INFOPLIST_FILE = YES;
				IPHONEOS_DEPLOYMENT_TARGET = 15.5;
				MARKETING_VERSION = 1.0;
				PRODUCT_BUNDLE_IDENTIFIER = "com.argyro.Tests-iOS";
				PRODUCT_NAME = "$(TARGET_NAME)";
				SDKROOT = iphoneos;
				SWIFT_EMIT_LOC_STRINGS = NO;
				SWIFT_VERSION = 5.0;
				TARGETED_DEVICE_FAMILY = "1,2";
				TEST_TARGET_NAME = "TCAExample (iOS)";
			};
			name = Debug;
		};
		26D005542987AB2000A19B7B /* Release */ = {
			isa = XCBuildConfiguration;
			buildSettings = {
				ALWAYS_EMBED_SWIFT_STANDARD_LIBRARIES = YES;
				CODE_SIGN_STYLE = Automatic;
				CURRENT_PROJECT_VERSION = 1;
				GENERATE_INFOPLIST_FILE = YES;
				IPHONEOS_DEPLOYMENT_TARGET = 15.5;
				MARKETING_VERSION = 1.0;
				PRODUCT_BUNDLE_IDENTIFIER = "com.argyro.Tests-iOS";
				PRODUCT_NAME = "$(TARGET_NAME)";
				SDKROOT = iphoneos;
				SWIFT_EMIT_LOC_STRINGS = NO;
				SWIFT_VERSION = 5.0;
				TARGETED_DEVICE_FAMILY = "1,2";
				TEST_TARGET_NAME = "TCAExample (iOS)";
				VALIDATE_PRODUCT = YES;
			};
			name = Release;
		};
		26D005562987AB2000A19B7B /* Debug */ = {
			isa = XCBuildConfiguration;
			buildSettings = {
				ALWAYS_EMBED_SWIFT_STANDARD_LIBRARIES = YES;
				CODE_SIGN_STYLE = Automatic;
				CURRENT_PROJECT_VERSION = 1;
				GENERATE_INFOPLIST_FILE = YES;
				MACOSX_DEPLOYMENT_TARGET = 12.3;
				MARKETING_VERSION = 1.0;
				PRODUCT_BUNDLE_IDENTIFIER = "com.argyro.Tests-macOS";
				PRODUCT_NAME = "$(TARGET_NAME)";
				SDKROOT = macosx;
				SWIFT_EMIT_LOC_STRINGS = NO;
				SWIFT_VERSION = 5.0;
				TEST_TARGET_NAME = "TCAExample (macOS)";
			};
			name = Debug;
		};
		26D005572987AB2000A19B7B /* Release */ = {
			isa = XCBuildConfiguration;
			buildSettings = {
				ALWAYS_EMBED_SWIFT_STANDARD_LIBRARIES = YES;
				CODE_SIGN_STYLE = Automatic;
				CURRENT_PROJECT_VERSION = 1;
				GENERATE_INFOPLIST_FILE = YES;
				MACOSX_DEPLOYMENT_TARGET = 12.3;
				MARKETING_VERSION = 1.0;
				PRODUCT_BUNDLE_IDENTIFIER = "com.argyro.Tests-macOS";
				PRODUCT_NAME = "$(TARGET_NAME)";
				SDKROOT = macosx;
				SWIFT_EMIT_LOC_STRINGS = NO;
				SWIFT_VERSION = 5.0;
				TEST_TARGET_NAME = "TCAExample (macOS)";
			};
			name = Release;
		};
/* End XCBuildConfiguration section */

/* Begin XCConfigurationList section */
		26D0051A2987AB1D00A19B7B /* Build configuration list for PBXProject "TCAExample" */ = {
			isa = XCConfigurationList;
			buildConfigurations = (
				26D0054A2987AB2000A19B7B /* Debug */,
				26D0054B2987AB2000A19B7B /* Release */,
			);
			defaultConfigurationIsVisible = 0;
			defaultConfigurationName = Release;
		};
		26D0054C2987AB2000A19B7B /* Build configuration list for PBXNativeTarget "TCAExample (iOS)" */ = {
			isa = XCConfigurationList;
			buildConfigurations = (
				26D0054D2987AB2000A19B7B /* Debug */,
				26D0054E2987AB2000A19B7B /* Release */,
			);
			defaultConfigurationIsVisible = 0;
			defaultConfigurationName = Release;
		};
		26D0054F2987AB2000A19B7B /* Build configuration list for PBXNativeTarget "TCAExample (macOS)" */ = {
			isa = XCConfigurationList;
			buildConfigurations = (
				26D005502987AB2000A19B7B /* Debug */,
				26D005512987AB2000A19B7B /* Release */,
			);
			defaultConfigurationIsVisible = 0;
			defaultConfigurationName = Release;
		};
		26D005522987AB2000A19B7B /* Build configuration list for PBXNativeTarget "Tests iOS" */ = {
			isa = XCConfigurationList;
			buildConfigurations = (
				26D005532987AB2000A19B7B /* Debug */,
				26D005542987AB2000A19B7B /* Release */,
			);
			defaultConfigurationIsVisible = 0;
			defaultConfigurationName = Release;
		};
		26D005552987AB2000A19B7B /* Build configuration list for PBXNativeTarget "Tests macOS" */ = {
			isa = XCConfigurationList;
			buildConfigurations = (
				26D005562987AB2000A19B7B /* Debug */,
				26D005572987AB2000A19B7B /* Release */,
			);
			defaultConfigurationIsVisible = 0;
			defaultConfigurationName = Release;
		};
/* End XCConfigurationList section */
	};
	rootObject = 26D005172987AB1D00A19B7B /* Project object */;
}
